# THIS IS AN AUTOGENERATED FILE. DO NOT EDIT THIS FILE DIRECTLY.
# yarn lockfile v1


"@types/bson@*":
  version "4.0.3"
  resolved "https://registry.yarnpkg.com/@types/bson/-/bson-4.0.3.tgz#30889d2ffde6262abbe38659364c631454999fbf"
  integrity sha512-mVRvYnTOZJz3ccpxhr3wgxVmSeiYinW+zlzQz3SXWaJmD1DuL05Jeq7nKw3SnbKmbleW5qrLG5vdyWe/A9sXhw==
  dependencies:
    "@types/node" "*"

"@types/faker@^4.1.4":
  version "4.1.12"
  resolved "https://registry.yarnpkg.com/@types/faker/-/faker-4.1.12.tgz#065d37343677df1aa757c622650bd14666c42602"
  integrity sha512-0MEyzJrLLs1WaOCx9ULK6FzdCSj2EuxdSP9kvuxxdBEGujZYUOZ4vkPXdgu3dhyg/pOdn7VCatelYX7k0YShlA==

"@types/mongodb@^3.5.32":
  version "3.5.32"
  resolved "https://registry.yarnpkg.com/@types/mongodb/-/mongodb-3.5.32.tgz#c3f72a9a157922e6b9a05690552abe8479e79232"
  integrity sha512-lBV8D5S5UNlWihHYQkEebqQTRazm5SglwQ126ls03eeYk2NJN4P72udUxJtyuKSmSFKvhLeekfNoPcyFa3BNdQ==
  dependencies:
    "@types/bson" "*"
    "@types/node" "*"

"@types/node@*", "@types/node@^14.14.6":
  version "14.14.6"
  resolved "https://registry.yarnpkg.com/@types/node/-/node-14.14.6.tgz#146d3da57b3c636cc0d1769396ce1cfa8991147f"
  integrity sha512-6QlRuqsQ/Ox/aJEQWBEJG7A9+u7oSYl3mem/K8IzxXG/kAGbV1YPD9Bg9Zw3vyxC/YP+zONKwy8hGkSt1jxFMw==

faker@^5.1.0:
  version "5.1.0"
  resolved "https://registry.yarnpkg.com/faker/-/faker-5.1.0.tgz#e10fa1dec4502551aee0eb771617a7e7b94692e8"
  integrity sha512-RrWKFSSA/aNLP0g3o2WW1Zez7/MnMr7xkiZmoCfAGZmdkDQZ6l2KtuXHN5XjdvpRjDl8+3vf+Rrtl06Z352+Mw==

typescript@^4.0.5:
  version "4.0.5"
  resolved "https://registry.yarnpkg.com/typescript/-/typescript-4.0.5.tgz#ae9dddfd1069f1cb5beb3ef3b2170dd7c1332389"
  integrity sha512-ywmr/VrTVCmNTJ6iV2LwIrfG1P+lv6luD8sUJs+2eI9NLGigaN+nUQc13iHqisq7bra9lnmUSYqbJvegraBOPQ==
